# THIS IS AN AUTOGENERATED FILE. DO NOT EDIT THIS FILE DIRECTLY.
# yarn lockfile v1


"@types/lodash.at@^4.6.6":
  version "4.6.6"
  resolved "https://registry.yarnpkg.com/@types/lodash.at/-/lodash.at-4.6.6.tgz#fef474414e7c3b4a80a90730a79e8fb9c264b4df"
  integrity sha512-OAfIqBWv0HjWVxKF8y6ZFTEwLM1wgpvsrMOb/fEKp8/HM2JO2V555Au5JZkiTnXOF453rqCooGKYFzNrR/kaAA==
  dependencies:
    "@types/lodash" "*"

"@types/lodash.clonedeep@^4.5.6":
  version "4.5.6"
  resolved "https://registry.yarnpkg.com/@types/lodash.clonedeep/-/lodash.clonedeep-4.5.6.tgz#3b6c40a0affe0799a2ce823b440a6cf33571d32b"
  integrity sha512-cE1jYr2dEg1wBImvXlNtp0xDoS79rfEdGozQVgliDZj1uERH4k+rmEMTudP9b4VQ8O6nRb5gPqft0QzEQGMQgA==
  dependencies:
    "@types/lodash" "*"

"@types/lodash.set@^4.3.6":
  version "4.3.6"
  resolved "https://registry.yarnpkg.com/@types/lodash.set/-/lodash.set-4.3.6.tgz#33e635c2323f855359225df6a5c8c6f1f1908264"
  integrity sha512-ZeGDDlnRYTvS31Laij0RsSaguIUSBTYIlJFKL3vm3T2OAZAQj2YpSvVWJc0WiG4jqg9fGX6PAPGvDqBcHfSgFg==
  dependencies:
    "@types/lodash" "*"

"@types/lodash@*":
  version "4.14.134"
  resolved "https://registry.yarnpkg.com/@types/lodash/-/lodash-4.14.134.tgz#9032b440122db3a2a56200e91191996161dde5b9"
  integrity sha512-2/O0khFUCFeDlbi7sZ7ZFRCcT812fAeOLm7Ev4KbwASkZ575TDrDcY7YyaoHdTOzKcNbfiwLYZqPmoC4wadrsw==

"@types/prop-types@*":
  version "15.7.1"
  resolved "https://registry.yarnpkg.com/@types/prop-types/-/prop-types-15.7.1.tgz#f1a11e7babb0c3cad68100be381d1e064c68f1f6"
  integrity sha512-CFzn9idOEpHrgdw8JsoTkaDDyRWk1jrzIV8djzcgpq0y9tG4B4lFT+Nxh52DVpDXV+n4+NPNv7M1Dj5uMp6XFg==

"@types/react@^16.8.19":
  version "16.8.19"
  resolved "https://registry.yarnpkg.com/@types/react/-/react-16.8.19.tgz#629154ef05e2e1985cdde94477deefd823ad9be3"
  integrity sha512-QzEzjrd1zFzY9cDlbIiFvdr+YUmefuuRYrPxmkwG0UQv5XF35gFIi7a95m1bNVcFU0VimxSZ5QVGSiBmlggQXQ==
  dependencies:
    "@types/prop-types" "*"
    csstype "^2.2.0"

csstype@^2.2.0:
  version "2.6.5"
  resolved "https://registry.yarnpkg.com/csstype/-/csstype-2.6.5.tgz#1cd1dff742ebf4d7c991470ae71e12bb6751e034"
  integrity sha512-JsTaiksRsel5n7XwqPAfB0l3TFKdpjW/kgAELf9vrb5adGA7UCPLajKK5s3nFrcFm3Rkyp/Qkgl73ENc1UY3cA==

lodash.at@^4.6.0:
  version "4.6.0"
  resolved "https://registry.yarnpkg.com/lodash.at/-/lodash.at-4.6.0.tgz#93cdce664f0a1994ea33dd7cd40e23afd11b0ff8"
  integrity sha1-k83OZk8KGZTqM9181A4jr9EbD/g=

lodash.clonedeep@^4.5.0:
  version "4.5.0"
  resolved "https://registry.yarnpkg.com/lodash.clonedeep/-/lodash.clonedeep-4.5.0.tgz#e23f3f9c4f8fbdde872529c1071857a086e5ccef"
  integrity sha1-4j8/nE+Pvd6HJSnBBxhXoIblzO8=

lodash.set@^4.3.2:
  version "4.3.2"
  resolved "https://registry.yarnpkg.com/lodash.set/-/lodash.set-4.3.2.tgz#d8757b1da807dde24816b0d6a84bea1a76230b23"
  integrity sha1-2HV7HagH3eJIFrDWqEvqGnYjCyM=

typescript@^3.5.1:
  version "3.5.1"
  resolved "https://registry.yarnpkg.com/typescript/-/typescript-3.5.1.tgz#ba72a6a600b2158139c5dd8850f700e231464202"
  integrity sha512-64HkdiRv1yYZsSe4xC1WVgamNigVYjlssIoaH2HcZF0+ijsk5YK2g0G34w9wJkze8+5ow4STd22AynfO6ZYYLw==
